
Microsoft Visual Studio Solution File, Format Version 12.00
# Visual Studio Version 17
VisualStudioVersion = 17.11.35327.3
MinimumVisualStudioVersion = 10.0.40219.1
Project("{FAE04EC0-301F-11D3-BF4B-00C04F79EFBC}") = "IoneacVladutAlexandruLab7", "IoneacVladutAlexandruLab7\IoneacVladutAlexandruLab7.csproj", "{7B38354B-DC94-4057-AF75-331A42403249}"
EndProject
Global
	GlobalSection(SolutionConfigurationPlatforms) = preSolution
		Debug|Any CPU = Debug|Any CPU
		Release|Any CPU = Release|Any CPU
	EndGlobalSection
	GlobalSection(ProjectConfigurationPlatforms) = postSolution
		{7B38354B-DC94-4057-AF75-331A42403249}.Debug|Any CPU.ActiveCfg = Debug|Any CPU
		{7B38354B-DC94-4057-AF75-331A42403249}.Debug|Any CPU.Build.0 = Debug|Any CPU
		{7B38354B-DC94-4057-AF75-331A42403249}.Debug|Any CPU.Deploy.0 = Debug|Any CPU
		{7B38354B-DC94-4057-AF75-331A42403249}.Release|Any CPU.ActiveCfg = Release|Any CPU
		{7B38354B-DC94-4057-AF75-331A42403249}.Release|Any CPU.Build.0 = Release|Any CPU
		{7B38354B-DC94-4057-AF75-331A42403249}.Release|Any CPU.Deploy.0 = Release|Any CPU
	EndGlobalSection
	GlobalSection(SolutionProperties) = preSolution
		HideSolutionNode = FALSE
	EndGlobalSection
	GlobalSection(ExtensibilityGlobals) = postSolution
		SolutionGuid = {4C4EAE03-44D2-4CAD-BD56-B053A45F6F5B}
	EndGlobalSection
EndGlobal
